
Microsoft Visual Studio Solution File, Format Version 12.00
# Visual Studio 15
VisualStudioVersion = 15.0.28307.1433
MinimumVisualStudioVersion = 10.0.40219.1
Project("{FAE04EC0-301F-11D3-BF4B-00C04F79EFBC}") = "booksys", "booksys\booksys.csproj", "{041C5563-64CE-4216-827D-B3DE0127C637}"
EndProject
Global
	GlobalSection(SolutionConfigurationPlatforms) = preSolution
		Debug|Any CPU = Debug|Any CPU
		Release|Any CPU = Release|Any CPU
	EndGlobalSection
	GlobalSection(ProjectConfigurationPlatforms) = postSolution
		{041C5563-64CE-4216-827D-B3DE0127C637}.Debug|Any CPU.ActiveCfg = Debug|Any CPU
		{041C5563-64CE-4216-827D-B3DE0127C637}.Debug|Any CPU.Build.0 = Debug|Any CPU
		{041C5563-64CE-4216-827D-B3DE0127C637}.Release|Any CPU.ActiveCfg = Release|Any CPU
		{041C5563-64CE-4216-827D-B3DE0127C637}.Release|Any CPU.Build.0 = Release|Any CPU
	EndGlobalSection
	GlobalSection(SolutionProperties) = preSolution
		HideSolutionNode = FALSE
	EndGlobalSection
	GlobalSection(ExtensibilityGlobals) = postSolution
		SolutionGuid = {3E9A7666-684B-4BED-A449-B2978B1A71C8}
	EndGlobalSection
EndGlobal
